
Microsoft Visual Studio Solution File, Format Version 12.00
# Visual Studio Version 17
VisualStudioVersion = 17.12.35707.178 d17.12
MinimumVisualStudioVersion = 10.0.40219.1
Project("{8BC9CEB8-8B4A-11D0-8D11-00A0C91BC942}") = "user", "user\user.vcxproj", "{25A1EADD-350A-4261-8CFA-89FBDE9660B6}"
EndProject
Project("{8BC9CEB8-8B4A-11D0-8D11-00A0C91BC942}") = "driver", "driver\driver.vcxproj", "{11A220D2-FF48-4175-AE3F-4AE84D1DA717}"
EndProject
Global
	GlobalSection(SolutionConfigurationPlatforms) = preSolution
		Debug|ARM64 = Debug|ARM64
		Debug|x64 = Debug|x64
		Release|ARM64 = Release|ARM64
		Release|x64 = Release|x64
	EndGlobalSection
	GlobalSection(ProjectConfigurationPlatforms) = postSolution
		{25A1EADD-350A-4261-8CFA-89FBDE9660B6}.Debug|ARM64.ActiveCfg = Debug|x64
		{25A1EADD-350A-4261-8CFA-89FBDE9660B6}.Debug|ARM64.Build.0 = Debug|x64
		{25A1EADD-350A-4261-8CFA-89FBDE9660B6}.Debug|x64.ActiveCfg = Debug|x64
		{25A1EADD-350A-4261-8CFA-89FBDE9660B6}.Debug|x64.Build.0 = Debug|x64
		{25A1EADD-350A-4261-8CFA-89FBDE9660B6}.Release|ARM64.ActiveCfg = Release|x64
		{25A1EADD-350A-4261-8CFA-89FBDE9660B6}.Release|ARM64.Build.0 = Release|x64
		{25A1EADD-350A-4261-8CFA-89FBDE9660B6}.Release|x64.ActiveCfg = Release|x64
		{25A1EADD-350A-4261-8CFA-89FBDE9660B6}.Release|x64.Build.0 = Release|x64
		{11A220D2-FF48-4175-AE3F-4AE84D1DA717}.Debug|ARM64.ActiveCfg = Debug|ARM64
		{11A220D2-FF48-4175-AE3F-4AE84D1DA717}.Debug|ARM64.Build.0 = Debug|ARM64
		{11A220D2-FF48-4175-AE3F-4AE84D1DA717}.Debug|ARM64.Deploy.0 = Debug|ARM64
		{11A220D2-FF48-4175-AE3F-4AE84D1DA717}.Debug|x64.ActiveCfg = Debug|x64
		{11A220D2-FF48-4175-AE3F-4AE84D1DA717}.Debug|x64.Build.0 = Debug|x64
		{11A220D2-FF48-4175-AE3F-4AE84D1DA717}.Debug|x64.Deploy.0 = Debug|x64
		{11A220D2-FF48-4175-AE3F-4AE84D1DA717}.Release|ARM64.ActiveCfg = Release|ARM64
		{11A220D2-FF48-4175-AE3F-4AE84D1DA717}.Release|ARM64.Build.0 = Release|ARM64
		{11A220D2-FF48-4175-AE3F-4AE84D1DA717}.Release|ARM64.Deploy.0 = Release|ARM64
		{11A220D2-FF48-4175-AE3F-4AE84D1DA717}.Release|x64.ActiveCfg = Release|x64
		{11A220D2-FF48-4175-AE3F-4AE84D1DA717}.Release|x64.Build.0 = Release|x64
		{11A220D2-FF48-4175-AE3F-4AE84D1DA717}.Release|x64.Deploy.0 = Release|x64
	EndGlobalSection
	GlobalSection(SolutionProperties) = preSolution
		HideSolutionNode = FALSE
	EndGlobalSection
EndGlobal
